PODS:
  - Alamofire (5.10.1)
  - RxSwift (6.8.0)

DEPENDENCIES:
  - Alamofire
  - RxSwift

SPEC REPOS:
  trunk:
    - Alamofire
    - RxSwift

SPEC CHECKSUMS:
  Alamofire: 840d2a1ad82355b536ec6ba5f97e5bfa54600ca3
  RxSwift: 4e28be97cbcfeee614af26d83415febbf2bf6f45

PODFILE CHECKSUM: 3a71c74b2ceb7a26201452992036318795f42e58

COCOAPODS: 1.16.2
